
Microsoft Visual Studio Solution File, Format Version 12.00
# Visual Studio Version 17
VisualStudioVersion = 17.5.33516.290
MinimumVisualStudioVersion = 10.0.40219.1
Project("{9A19103F-16F7-4668-BE54-9A1E7A4F7556}") = "RunescapeTimer", "RunescapeTimer\RunescapeTimer.csproj", "{77BB7E43-7A66-4460-81DE-F4DD0D315B37}"
EndProject
Project("{54435603-DBB4-11D2-8724-00A0C9A8B90C}") = "Setup1", "Setup1\Setup1.vdproj", "{8E9972CB-DD1D-4A88-A863-0E5E8305E2A2}"
EndProject
Global
	GlobalSection(SolutionConfigurationPlatforms) = preSolution
		Debug|Any CPU = Debug|Any CPU
		Release|Any CPU = Release|Any CPU
	EndGlobalSection
	GlobalSection(ProjectConfigurationPlatforms) = postSolution
		{77BB7E43-7A66-4460-81DE-F4DD0D315B37}.Debug|Any CPU.ActiveCfg = Debug|Any CPU
		{77BB7E43-7A66-4460-81DE-F4DD0D315B37}.Debug|Any CPU.Build.0 = Debug|Any CPU
		{77BB7E43-7A66-4460-81DE-F4DD0D315B37}.Release|Any CPU.ActiveCfg = Release|Any CPU
		{77BB7E43-7A66-4460-81DE-F4DD0D315B37}.Release|Any CPU.Build.0 = Release|Any CPU
		{8E9972CB-DD1D-4A88-A863-0E5E8305E2A2}.Debug|Any CPU.ActiveCfg = Debug
		{8E9972CB-DD1D-4A88-A863-0E5E8305E2A2}.Release|Any CPU.ActiveCfg = Release
	EndGlobalSection
	GlobalSection(SolutionProperties) = preSolution
		HideSolutionNode = FALSE
	EndGlobalSection
	GlobalSection(ExtensibilityGlobals) = postSolution
		SolutionGuid = {D2C5C8D2-25DE-4027-9FB0-156056598D1D}
	EndGlobalSection
EndGlobal
